
Microsoft Visual Studio Solution File, Format Version 12.00
# Visual Studio Version 17
VisualStudioVersion = 17.7.34018.315
MinimumVisualStudioVersion = 10.0.40219.1
Project("{9A19103F-16F7-4668-BE54-9A1E7A4F7556}") = "Домашнее задание", "Домашнее задание\Домашнее задание.csproj", "{12E2D2C0-761A-4963-9F84-5FBFE2D3DCE1}"
EndProject
Project("{9A19103F-16F7-4668-BE54-9A1E7A4F7556}") = "Домашнее заданее 2", "Домашнее заданее 2\Домашнее заданее 2.csproj", "{96E0DA6C-07BC-4124-A74B-CB4077E02A54}"
EndProject
Project("{9A19103F-16F7-4668-BE54-9A1E7A4F7556}") = "Домашнее задание 3", "Домашнее задание 3\Домашнее задание 3.csproj", "{8C15F6D1-CDF6-46DB-8E07-6B3C22938055}"
EndProject
Project("{FAE04EC0-301F-11D3-BF4B-00C04F79EFBC}") = "Домашнее задание 4", "Домашнее задание 4\Домашнее задание 4.csproj", "{98CFB6B2-884D-4FB3-BDB4-F0A7454C3019}"
EndProject
Project("{FAE04EC0-301F-11D3-BF4B-00C04F79EFBC}") = "домашнее задание5", "домашнее задание5\домашнее задание5.csproj", "{385166D9-FA26-420C-94E4-C8ADB6FE46CD}"
EndProject
Global
	GlobalSection(SolutionConfigurationPlatforms) = preSolution
		Debug|Any CPU = Debug|Any CPU
		Release|Any CPU = Release|Any CPU
	EndGlobalSection
	GlobalSection(ProjectConfigurationPlatforms) = postSolution
		{12E2D2C0-761A-4963-9F84-5FBFE2D3DCE1}.Debug|Any CPU.ActiveCfg = Debug|Any CPU
		{12E2D2C0-761A-4963-9F84-5FBFE2D3DCE1}.Debug|Any CPU.Build.0 = Debug|Any CPU
		{12E2D2C0-761A-4963-9F84-5FBFE2D3DCE1}.Release|Any CPU.ActiveCfg = Release|Any CPU
		{12E2D2C0-761A-4963-9F84-5FBFE2D3DCE1}.Release|Any CPU.Build.0 = Release|Any CPU
		{96E0DA6C-07BC-4124-A74B-CB4077E02A54}.Debug|Any CPU.ActiveCfg = Debug|Any CPU
		{96E0DA6C-07BC-4124-A74B-CB4077E02A54}.Debug|Any CPU.Build.0 = Debug|Any CPU
		{96E0DA6C-07BC-4124-A74B-CB4077E02A54}.Release|Any CPU.ActiveCfg = Release|Any CPU
		{96E0DA6C-07BC-4124-A74B-CB4077E02A54}.Release|Any CPU.Build.0 = Release|Any CPU
		{8C15F6D1-CDF6-46DB-8E07-6B3C22938055}.Debug|Any CPU.ActiveCfg = Debug|Any CPU
		{8C15F6D1-CDF6-46DB-8E07-6B3C22938055}.Debug|Any CPU.Build.0 = Debug|Any CPU
		{8C15F6D1-CDF6-46DB-8E07-6B3C22938055}.Release|Any CPU.ActiveCfg = Release|Any CPU
		{8C15F6D1-CDF6-46DB-8E07-6B3C22938055}.Release|Any CPU.Build.0 = Release|Any CPU
		{98CFB6B2-884D-4FB3-BDB4-F0A7454C3019}.Debug|Any CPU.ActiveCfg = Debug|Any CPU
		{98CFB6B2-884D-4FB3-BDB4-F0A7454C3019}.Debug|Any CPU.Build.0 = Debug|Any CPU
		{98CFB6B2-884D-4FB3-BDB4-F0A7454C3019}.Release|Any CPU.ActiveCfg = Release|Any CPU
		{98CFB6B2-884D-4FB3-BDB4-F0A7454C3019}.Release|Any CPU.Build.0 = Release|Any CPU
		{385166D9-FA26-420C-94E4-C8ADB6FE46CD}.Debug|Any CPU.ActiveCfg = Debug|Any CPU
		{385166D9-FA26-420C-94E4-C8ADB6FE46CD}.Debug|Any CPU.Build.0 = Debug|Any CPU
		{385166D9-FA26-420C-94E4-C8ADB6FE46CD}.Release|Any CPU.ActiveCfg = Release|Any CPU
		{385166D9-FA26-420C-94E4-C8ADB6FE46CD}.Release|Any CPU.Build.0 = Release|Any CPU
	EndGlobalSection
	GlobalSection(SolutionProperties) = preSolution
		HideSolutionNode = FALSE
	EndGlobalSection
	GlobalSection(ExtensibilityGlobals) = postSolution
		SolutionGuid = {728B9C93-EA2A-4779-B0A3-1089E517959A}
	EndGlobalSection
EndGlobal
